
Microsoft Visual Studio Solution File, Format Version 12.00
# Visual Studio 15
VisualStudioVersion = 15.0.28010.2046
MinimumVisualStudioVersion = 10.0.40219.1
Project("{FAE04EC0-301F-11D3-BF4B-00C04F79EFBC}") = "Trainin", "Trainin\Trainin.csproj", "{5B47ECC0-5972-4321-AE1D-85574629E387}"
EndProject
Project("{FAE04EC0-301F-11D3-BF4B-00C04F79EFBC}") = "Trainin2", "Trainin2\Trainin2.csproj", "{50CE67F2-4E35-425B-BAC6-782243742F30}"
EndProject
Project("{FAE04EC0-301F-11D3-BF4B-00C04F79EFBC}") = "Trainin3", "Trainin3\Trainin3.csproj", "{0BE59416-C20A-4B70-B23D-0B1726784D6C}"
EndProject
Project("{FAE04EC0-301F-11D3-BF4B-00C04F79EFBC}") = "Trainin4", "Trainin4\Trainin4.csproj", "{90EE20CD-4197-44DA-B2AD-4335A9B67813}"
EndProject
Project("{FAE04EC0-301F-11D3-BF4B-00C04F79EFBC}") = "Trainin5", "Trainin5\Trainin5.csproj", "{D8131463-ED7A-447C-AC7C-971931D6F1A3}"
EndProject
Project("{FAE04EC0-301F-11D3-BF4B-00C04F79EFBC}") = "Trainin6", "Trainin6\Trainin6.csproj", "{8028E82E-6E3A-4509-8B9F-F12D5DB60902}"
EndProject
Project("{FAE04EC0-301F-11D3-BF4B-00C04F79EFBC}") = "Trainin7", "Trainin7\Trainin7.csproj", "{CC698F1A-4C7D-4606-AA0A-21ACA6273EDE}"
EndProject
Project("{FAE04EC0-301F-11D3-BF4B-00C04F79EFBC}") = "Trainin8", "Trainin8\Trainin8.csproj", "{A52B53B5-BDE4-43FE-BC55-C892002980D8}"
EndProject
Project("{FAE04EC0-301F-11D3-BF4B-00C04F79EFBC}") = "Trainin9", "Trainin9\Trainin9.csproj", "{D0813D53-CBD1-49D6-A2E7-37C0D165F6BB}"
EndProject
Project("{FAE04EC0-301F-11D3-BF4B-00C04F79EFBC}") = "Trainin10", "Trainin10\Trainin10.csproj", "{F521F70B-A76E-4004-B75D-14BB57D82B9E}"
EndProject
Global
	GlobalSection(SolutionConfigurationPlatforms) = preSolution
		Debug|Any CPU = Debug|Any CPU
		Release|Any CPU = Release|Any CPU
	EndGlobalSection
	GlobalSection(ProjectConfigurationPlatforms) = postSolution
		{5B47ECC0-5972-4321-AE1D-85574629E387}.Debug|Any CPU.ActiveCfg = Debug|Any CPU
		{5B47ECC0-5972-4321-AE1D-85574629E387}.Debug|Any CPU.Build.0 = Debug|Any CPU
		{5B47ECC0-5972-4321-AE1D-85574629E387}.Release|Any CPU.ActiveCfg = Release|Any CPU
		{5B47ECC0-5972-4321-AE1D-85574629E387}.Release|Any CPU.Build.0 = Release|Any CPU
		{50CE67F2-4E35-425B-BAC6-782243742F30}.Debug|Any CPU.ActiveCfg = Debug|Any CPU
		{50CE67F2-4E35-425B-BAC6-782243742F30}.Debug|Any CPU.Build.0 = Debug|Any CPU
		{50CE67F2-4E35-425B-BAC6-782243742F30}.Release|Any CPU.ActiveCfg = Release|Any CPU
		{50CE67F2-4E35-425B-BAC6-782243742F30}.Release|Any CPU.Build.0 = Release|Any CPU
		{0BE59416-C20A-4B70-B23D-0B1726784D6C}.Debug|Any CPU.ActiveCfg = Debug|Any CPU
		{0BE59416-C20A-4B70-B23D-0B1726784D6C}.Debug|Any CPU.Build.0 = Debug|Any CPU
		{0BE59416-C20A-4B70-B23D-0B1726784D6C}.Release|Any CPU.ActiveCfg = Release|Any CPU
		{0BE59416-C20A-4B70-B23D-0B1726784D6C}.Release|Any CPU.Build.0 = Release|Any CPU
		{90EE20CD-4197-44DA-B2AD-4335A9B67813}.Debug|Any CPU.ActiveCfg = Debug|Any CPU
		{90EE20CD-4197-44DA-B2AD-4335A9B67813}.Debug|Any CPU.Build.0 = Debug|Any CPU
		{90EE20CD-4197-44DA-B2AD-4335A9B67813}.Release|Any CPU.ActiveCfg = Release|Any CPU
		{90EE20CD-4197-44DA-B2AD-4335A9B67813}.Release|Any CPU.Build.0 = Release|Any CPU
		{D8131463-ED7A-447C-AC7C-971931D6F1A3}.Debug|Any CPU.ActiveCfg = Debug|Any CPU
		{D8131463-ED7A-447C-AC7C-971931D6F1A3}.Debug|Any CPU.Build.0 = Debug|Any CPU
		{D8131463-ED7A-447C-AC7C-971931D6F1A3}.Release|Any CPU.ActiveCfg = Release|Any CPU
		{D8131463-ED7A-447C-AC7C-971931D6F1A3}.Release|Any CPU.Build.0 = Release|Any CPU
		{8028E82E-6E3A-4509-8B9F-F12D5DB60902}.Debug|Any CPU.ActiveCfg = Debug|Any CPU
		{8028E82E-6E3A-4509-8B9F-F12D5DB60902}.Debug|Any CPU.Build.0 = Debug|Any CPU
		{8028E82E-6E3A-4509-8B9F-F12D5DB60902}.Release|Any CPU.ActiveCfg = Release|Any CPU
		{8028E82E-6E3A-4509-8B9F-F12D5DB60902}.Release|Any CPU.Build.0 = Release|Any CPU
		{CC698F1A-4C7D-4606-AA0A-21ACA6273EDE}.Debug|Any CPU.ActiveCfg = Debug|Any CPU
		{CC698F1A-4C7D-4606-AA0A-21ACA6273EDE}.Debug|Any CPU.Build.0 = Debug|Any CPU
		{CC698F1A-4C7D-4606-AA0A-21ACA6273EDE}.Release|Any CPU.ActiveCfg = Release|Any CPU
		{CC698F1A-4C7D-4606-AA0A-21ACA6273EDE}.Release|Any CPU.Build.0 = Release|Any CPU
		{A52B53B5-BDE4-43FE-BC55-C892002980D8}.Debug|Any CPU.ActiveCfg = Debug|Any CPU
		{A52B53B5-BDE4-43FE-BC55-C892002980D8}.Debug|Any CPU.Build.0 = Debug|Any CPU
		{A52B53B5-BDE4-43FE-BC55-C892002980D8}.Release|Any CPU.ActiveCfg = Release|Any CPU
		{A52B53B5-BDE4-43FE-BC55-C892002980D8}.Release|Any CPU.Build.0 = Release|Any CPU
		{D0813D53-CBD1-49D6-A2E7-37C0D165F6BB}.Debug|Any CPU.ActiveCfg = Debug|Any CPU
		{D0813D53-CBD1-49D6-A2E7-37C0D165F6BB}.Debug|Any CPU.Build.0 = Debug|Any CPU
		{D0813D53-CBD1-49D6-A2E7-37C0D165F6BB}.Release|Any CPU.ActiveCfg = Release|Any CPU
		{D0813D53-CBD1-49D6-A2E7-37C0D165F6BB}.Release|Any CPU.Build.0 = Release|Any CPU
		{F521F70B-A76E-4004-B75D-14BB57D82B9E}.Debug|Any CPU.ActiveCfg = Debug|Any CPU
		{F521F70B-A76E-4004-B75D-14BB57D82B9E}.Debug|Any CPU.Build.0 = Debug|Any CPU
		{F521F70B-A76E-4004-B75D-14BB57D82B9E}.Release|Any CPU.ActiveCfg = Release|Any CPU
		{F521F70B-A76E-4004-B75D-14BB57D82B9E}.Release|Any CPU.Build.0 = Release|Any CPU
	EndGlobalSection
	GlobalSection(SolutionProperties) = preSolution
		HideSolutionNode = FALSE
	EndGlobalSection
	GlobalSection(ExtensibilityGlobals) = postSolution
		SolutionGuid = {91FF9E48-A58E-4D8B-90A7-2BC790F872C4}
	EndGlobalSection
EndGlobal
